# This file is automatically @generated by Cargo.
# It is not intended for manual editing.
version = 4

[[package]]
name = "call_arg_offset"
version = "0.1.0"

[[package]]
name = "call_arg_offset_add_sub"
version = "0.1.0"

[[package]]
name = "call_arg_plain_read"
version = "0.1.0"

[[package]]
name = "call_arg_wrap_offset"
version = "0.1.0"

[[package]]
name = "cast_call_arg"
version = "0.1.0"

[[package]]
name = "cfg-if"
version = "1.0.4"
source = "registry+https://github.com/rust-lang/crates.io-index"
checksum = "9330f8b2ff13f34540b44e946ef35111825727b38d33286ef986142615121801"

[[package]]
name = "deref_write_and_read"
version = "0.1.0"

[[package]]
name = "dynamic_loader"
version = "0.1.0"
dependencies = [
 "libloading",
]

[[package]]
name = "hello"
version = "0.1.0"
dependencies = [
 "lib_hello",
]

[[package]]
name = "hello_lib"
version = "0.1.0"

[[package]]
name = "instrument-mir"
version = "0.1.0"
dependencies = [
 "runtime",
]

[[package]]
name = "lib_hello"
version = "0.1.0"

[[package]]
name = "libloading"
version = "0.8.9"
source = "registry+https://github.com/rust-lang/crates.io-index"
checksum = "d7c4b02199fee7c5d21a5ae7d8cfa79a6ef5bb2fc834d6e9058e89c825efdc55"
dependencies = [
 "cfg-if",
 "windows-link",
]

[[package]]
name = "memcpy_copy_nonoverlapping"
version = "0.1.0"

[[package]]
name = "memset_write_bytes"
version = "0.1.0"

[[package]]
name = "mutable_ref_test"
version = "0.1.0"

[[package]]
name = "plain_read_wrappers"
version = "0.1.0"

[[package]]
name = "plain_write_wrappers"
version = "0.1.0"

[[package]]
name = "ptr_arg_use"
version = "0.1.0"

[[package]]
name = "ptr_arith_add_sub_offset"
version = "0.1.0"

[[package]]
name = "raw_pointer_mut_test"
version = "0.1.0"

[[package]]
name = "raw_pointer_test"
version = "0.1.0"

[[package]]
name = "ret_ptr_basic"
version = "0.1.0"

[[package]]
name = "ret_ptr_local"
version = "0.1.0"

[[package]]
name = "ret_ptr_local_uad"
version = "0.1.0"

[[package]]
name = "runtime"
version = "0.1.0"

[[package]]
name = "simple_raw_write"
version = "0.1.0"

[[package]]
name = "stack_reuse"
version = "0.1.0"

[[package]]
name = "tag0_call_arg_offset_add_sub"
version = "0.1.0"

[[package]]
name = "tag0_call_arg_wrapping_offset"
version = "0.1.0"

[[package]]
name = "tag0_cast_then_call"
version = "0.1.0"

[[package]]
name = "tag0_copy_chain_then_call"
version = "0.1.0"

[[package]]
name = "tag0_return_raw_ptr_from_arg"
version = "0.1.0"

[[package]]
name = "tag0_return_ref_created_in_callee"
version = "0.1.0"

[[package]]
name = "volatile_ro_rw"
version = "0.1.0"

[[package]]
name = "volatile_wrappers"
version = "0.1.0"

[[package]]
name = "windows-link"
version = "0.2.1"
source = "registry+https://github.com/rust-lang/crates.io-index"
checksum = "f0805222e57f7521d6a62e36fa9163bc891acd422f971defe97d64e70d0a4fe5"
